
Microsoft Visual Studio Solution File, Format Version 12.00
# Visual Studio Version 17
VisualStudioVersion = 17.5.002.0
MinimumVisualStudioVersion = 10.0.40219.1
Project("{9A19103F-16F7-4668-BE54-9A1E7A4F7556}") = "Two task", "Two task.csproj", "{F46A58D9-3C58-40CA-A809-0B4309304C16}"
EndProject
Global
	GlobalSection(SolutionConfigurationPlatforms) = preSolution
		Debug|Any CPU = Debug|Any CPU
		Release|Any CPU = Release|Any CPU
	EndGlobalSection
	GlobalSection(ProjectConfigurationPlatforms) = postSolution
		{F46A58D9-3C58-40CA-A809-0B4309304C16}.Debug|Any CPU.ActiveCfg = Debug|Any CPU
		{F46A58D9-3C58-40CA-A809-0B4309304C16}.Debug|Any CPU.Build.0 = Debug|Any CPU
		{F46A58D9-3C58-40CA-A809-0B4309304C16}.Release|Any CPU.ActiveCfg = Release|Any CPU
		{F46A58D9-3C58-40CA-A809-0B4309304C16}.Release|Any CPU.Build.0 = Release|Any CPU
	EndGlobalSection
	GlobalSection(SolutionProperties) = preSolution
		HideSolutionNode = FALSE
	EndGlobalSection
	GlobalSection(ExtensibilityGlobals) = postSolution
		SolutionGuid = {689CE0A1-A299-410E-9034-CE975C2978FC}
	EndGlobalSection
EndGlobal
